<?xml version="1.0" encoding="utf-8"?>
<Project ToolsVersion="4.0" xmlns="http://schemas.microsoft.com/developer/msbuild/2003">
  <ItemGroup>
    <Filter Include="Source Files">
      <UniqueIdentifier>{4FC737F1-C7A5-4376-A066-2A32D752A2FF}</UniqueIdentifier>
      <Extensions>cpp;c;cc;cxx;def;odl;idl;hpj;bat;asm;asmx</Extensions>
    </Filter>
    <Filter Include="Header Files">
      <UniqueIdentifier>{93995380-89BD-4b04-88EB-625FBE52EBFB}</UniqueIdentifier>
      <Extensions>h;hh;hpp;hxx;hm;inl;inc;xsd</Extensions>
    </Filter>
    <Filter Include="Resource Files">
      <UniqueIdentifier>{67DA6AB6-F800-4c08-8B7A-83BB121AAD01}</UniqueIdentifier>
      <Extensions>rc;ico;cur;bmp;dlg;rc2;rct;bin;rgs;gif;jpg;jpeg;jpe;resx;tiff;tif;png;wav;mfcribbon-ms</Extensions>
    </Filter>
    <Filter Include="Observers">
      <UniqueIdentifier>{51e983ca-ddf9-4432-a804-5fb5dcdced43}</UniqueIdentifier>
    </Filter>
    <Filter Include="Input">
      <UniqueIdentifier>{be1ad071-ae33-437d-bb02-2d9e3191eb22}</UniqueIdentifier>
    </Filter>
    <Filter Include="GalagaComponents">
      <UniqueIdentifier>{fd240cf8-321e-47d1-8dfd-6ed942daf757}</UniqueIdentifier>
    </Filter>
    <Filter Include="GalagaComponents\Movement">
      <UniqueIdentifier>{3891c4f9-b563-4ae9-ab8f-6465d397eefe}</UniqueIdentifier>
    </Filter>
    <Filter Include="Managers">
      <UniqueIdentifier>{61c94833-6cca-493f-91ba-94ae61848966}</UniqueIdentifier>
    </Filter>
    <Filter Include="GalagaComponents\Movement\EnemyMovement">
      <UniqueIdentifier>{0ed72d2c-5a02-4212-96aa-dc5fca062669}</UniqueIdentifier>
    </Filter>
  </ItemGroup>
  <ItemGroup>
    <ClInclude Include="MiniginPCH.h">
      <Filter>Header Files</Filter>
    </ClInclude>
    <ClInclude Include="Minigin.h">
      <Filter>Header Files</Filter>
    </ClInclude>
    <ClInclude Include="AnalogStickCommand.h">
      <Filter>Input</Filter>
    </ClInclude>
    <ClInclude Include="AnalogTriggerCommand.h">
      <Filter>Input</Filter>
    </ClInclude>
    <ClInclude Include="LivesObserver.h">
      <Filter>Observers</Filter>
    </ClInclude>
    <ClInclude Include="ScoreObserver.h">
      <Filter>Observers</Filter>
    </ClInclude>
    <ClInclude Include="Commands.h">
      <Filter>Input</Filter>
    </ClInclude>
    <ClInclude Include="FighterShipMovementComponent.h">
      <Filter>GalagaComponents\Movement</Filter>
    </ClInclude>
    <ClInclude Include="RocketMovementComponent.h">
      <Filter>GalagaComponents\Movement</Filter>
    </ClInclude>
    <ClInclude Include="RocketManager.h">
      <Filter>Managers</Filter>
    </ClInclude>
    <ClInclude Include="BaseEnemyMovementComponent.h">
      <Filter>GalagaComponents\Movement\EnemyMovement</Filter>
    </ClInclude>
    <ClInclude Include="CollisionManager.h">
      <Filter>Header Files</Filter>
    </ClInclude>
  </ItemGroup>
  <ItemGroup>
    <ClCompile Include="MiniginPCH.cpp">
      <Filter>Source Files</Filter>
    </ClCompile>
    <ClCompile Include="Main.cpp">
      <Filter>Source Files</Filter>
    </ClCompile>
    <ClCompile Include="Minigin.cpp">
      <Filter>Source Files</Filter>
    </ClCompile>
    <ClCompile Include="LivesObserver.cpp">
      <Filter>Observers</Filter>
    </ClCompile>
    <ClCompile Include="ScoreObserver.cpp">
      <Filter>Observers</Filter>
    </ClCompile>
    <ClCompile Include="FighterShipMovementComponent.cpp">
      <Filter>GalagaComponents\Movement</Filter>
    </ClCompile>
    <ClCompile Include="RocketMovementComponent.cpp">
      <Filter>GalagaComponents\Movement</Filter>
    </ClCompile>
    <ClCompile Include="RocketManager.cpp">
      <Filter>Managers</Filter>
    </ClCompile>
    <ClCompile Include="BaseEnemyMovementComponent.cpp">
      <Filter>GalagaComponents\Movement\EnemyMovement</Filter>
    </ClCompile>
    <ClCompile Include="CollisionManager.cpp">
      <Filter>Source Files</Filter>
    </ClCompile>
  </ItemGroup>
</Project>